
Microsoft Visual Studio Solution File, Format Version 12.00
# Visual Studio Version 16
VisualStudioVersion = 16.0.29512.175
MinimumVisualStudioVersion = 10.0.40219.1
Project("{FAE04EC0-301F-11D3-BF4B-00C04F79EFBC}") = "Fritz.TwitchChatArchive", "Fritz.TwitchChatArchive\Fritz.TwitchChatArchive.csproj", "{6895ABC2-BCCC-4963-928A-570D6CAC6D3B}"
EndProject
Global
	GlobalSection(SolutionConfigurationPlatforms) = preSolution
		Debug|Any CPU = Debug|Any CPU
		Release|Any CPU = Release|Any CPU
	EndGlobalSection
	GlobalSection(ProjectConfigurationPlatforms) = postSolution
		{6895ABC2-BCCC-4963-928A-570D6CAC6D3B}.Debug|Any CPU.ActiveCfg = Debug|Any CPU
		{6895ABC2-BCCC-4963-928A-570D6CAC6D3B}.Debug|Any CPU.Build.0 = Debug|Any CPU
		{6895ABC2-BCCC-4963-928A-570D6CAC6D3B}.Release|Any CPU.ActiveCfg = Release|Any CPU
		{6895ABC2-BCCC-4963-928A-570D6CAC6D3B}.Release|Any CPU.Build.0 = Release|Any CPU
	EndGlobalSection
	GlobalSection(SolutionProperties) = preSolution
		HideSolutionNode = FALSE
	EndGlobalSection
	GlobalSection(ExtensibilityGlobals) = postSolution
		SolutionGuid = {70D64E48-3255-4F34-B4E0-FBCEEE4C136D}
	EndGlobalSection
EndGlobal
